{
  "object": {
    "pins": [
      {
        "package": "CryptoSwiftWrapper",
        "repositoryURL": "https://github.com/anquii/CryptoSwiftWrapper.git",
        "state": {
          "branch": null,
          "revision": "0d57e806de368b5d2364fabb7c789b48661ec90c",
          "version": "1.4.3"
        }
      }
    ]
  },
  "version": 1
}
