{
  "pins" : [
    {
      "identity" : "binaryextensions",
      "kind" : "remoteSourceControl",
      "location" : "https://github.com/anquii/BinaryExtensions.git",
      "state" : {
        "revision" : "ab9c034ab6d6a578fa0e574ef8c1b8d117b8bfc9",
        "version" : "0.1.1"
      }
    }
  ],
  "version" : 2
}
